Microsoft Visual Studio Solution File, Format Version 12.00
# Visual Studio Version 17
VisualStudioVersion = 17.5.2.0
MinimumVisualStudioVersion = 10.0.40219.1
Project("{FAE04EC0-301F-11D3-BF4B-00C04F79EFBC}") = "esnafagelir-mobilweb", "esnafagelir-mobilweb.csproj", "{1F41A452-5236-D99C-2E0B-71C186CAB21F}"
EndProject
Global
	GlobalSection(SolutionConfigurationPlatforms) = preSolution
		Debug|Any CPU = Debug|Any CPU
		Release|Any CPU = Release|Any CPU
	EndGlobalSection
	GlobalSection(ProjectConfigurationPlatforms) = postSolution
		{1F41A452-5236-D99C-2E0B-71C186CAB21F}.Debug|Any CPU.ActiveCfg = Debug|Any CPU
		{1F41A452-5236-D99C-2E0B-71C186CAB21F}.Debug|Any CPU.Build.0 = Debug|Any CPU
		{1F41A452-5236-D99C-2E0B-71C186CAB21F}.Release|Any CPU.ActiveCfg = Release|Any CPU
		{1F41A452-5236-D99C-2E0B-71C186CAB21F}.Release|Any CPU.Build.0 = Release|Any CPU
	EndGlobalSection
	GlobalSection(SolutionProperties) = preSolution
		HideSolutionNode = FALSE
	EndGlobalSection
	GlobalSection(ExtensibilityGlobals) = postSolution
		SolutionGuid = {E7EA406A-C3E3-499B-B2DF-9F0C2E89D9FE}
	EndGlobalSection
EndGlobal
